# THIS IS AN AUTOGENERATED FILE. DO NOT EDIT THIS FILE DIRECTLY.
# yarn lockfile v1


"@esbuild/win32-x64@0.18.20":
  version "0.18.20"
  resolved "https://registry.npmjs.org/@esbuild/win32-x64/-/win32-x64-0.18.20.tgz"
  integrity sha512-kTdfRcSiDfQca/y9QIkng02avJ+NCaQvrMejlsB3RRv5sE9rRoeBPISaZpKxHELzRxZyLvNts1P27W3wV+8geQ==

"@socket.io/component-emitter@~3.1.0":
  version "3.1.2"
  resolved "https://registry.npmjs.org/@socket.io/component-emitter/-/component-emitter-3.1.2.tgz"
  integrity sha512-9BCxFwvbGg/RsZK9tjXd8s4UcwR0MWeFQ1XEKIQVVvAGJyINdrqKMcTRyLoK8Rse1GjzLV9cwjWV1olXRWEXVA==

debug@~4.3.1, debug@~4.3.2:
  version "4.3.7"
  resolved "https://registry.npmjs.org/debug/-/debug-4.3.7.tgz"
  integrity sha512-Er2nc/H7RrMXZBFCEim6TCmMk02Z8vLC2Rbi1KEBggpo0fS6l0S1nnapwmIi3yW/+GOJap1Krg4w0Hg80oCqgQ==
  dependencies:
    ms "^2.1.3"

engine.io-client@~6.6.1:
  version "6.6.3"
  resolved "https://registry.npmjs.org/engine.io-client/-/engine.io-client-6.6.3.tgz"
  integrity sha512-T0iLjnyNWahNyv/lcjS2y4oE358tVS/SYQNxYXGAJ9/GLgH4VCvOQ/mhTjqU88mLZCQgiG8RIegFHYCdVC+j5w==
  dependencies:
    "@socket.io/component-emitter" "~3.1.0"
    debug "~4.3.1"
    engine.io-parser "~5.2.1"
    ws "~8.17.1"
    xmlhttprequest-ssl "~2.1.1"

engine.io-parser@~5.2.1:
  version "5.2.3"
  resolved "https://registry.npmjs.org/engine.io-parser/-/engine.io-parser-5.2.3.tgz"
  integrity sha512-HqD3yTBfnBxIrbnM1DoD6Pcq8NECnh8d4As1Qgh0z5Gg3jRRIqijury0CL3ghu/edArpUYiYqQiDUQBIs4np3Q==

esbuild@^0.18.10:
  version "0.18.20"
  resolved "https://registry.npmjs.org/esbuild/-/esbuild-0.18.20.tgz"
  integrity sha512-ceqxoedUrcayh7Y7ZX6NdbbDzGROiyVBgC4PriJThBKSVPWnnFHZAkfI1lJT8QFkOwH4qOS2SJkS4wvpGl8BpA==
  optionalDependencies:
    "@esbuild/android-arm" "0.18.20"
    "@esbuild/android-arm64" "0.18.20"
    "@esbuild/android-x64" "0.18.20"
    "@esbuild/darwin-arm64" "0.18.20"
    "@esbuild/darwin-x64" "0.18.20"
    "@esbuild/freebsd-arm64" "0.18.20"
    "@esbuild/freebsd-x64" "0.18.20"
    "@esbuild/linux-arm" "0.18.20"
    "@esbuild/linux-arm64" "0.18.20"
    "@esbuild/linux-ia32" "0.18.20"
    "@esbuild/linux-loong64" "0.18.20"
    "@esbuild/linux-mips64el" "0.18.20"
    "@esbuild/linux-ppc64" "0.18.20"
    "@esbuild/linux-riscv64" "0.18.20"
    "@esbuild/linux-s390x" "0.18.20"
    "@esbuild/linux-x64" "0.18.20"
    "@esbuild/netbsd-x64" "0.18.20"
    "@esbuild/openbsd-x64" "0.18.20"
    "@esbuild/sunos-x64" "0.18.20"
    "@esbuild/win32-arm64" "0.18.20"
    "@esbuild/win32-ia32" "0.18.20"
    "@esbuild/win32-x64" "0.18.20"

ms@^2.1.3:
  version "2.1.3"
  resolved "https://registry.npmjs.org/ms/-/ms-2.1.3.tgz"
  integrity sha512-6FlzubTLZG3J2a/NVCAleEhjzq5oxgHyaCU9yYXvcLsvoVaHJq/s5xXI6/XXP6tz7R9xAOtHnSO/tXtF3WRTlA==

nanoid@^3.3.8:
  version "3.3.11"
  resolved "https://registry.npmjs.org/nanoid/-/nanoid-3.3.11.tgz"
  integrity sha512-N8SpfPUnUp1bK+PMYW8qSWdl9U+wwNWI4QKxOYDy9JAro3WMX7p2OeVRF9v+347pnakNevPmiHhNmZ2HbFA76w==

picocolors@^1.1.1:
  version "1.1.1"
  resolved "https://registry.npmjs.org/picocolors/-/picocolors-1.1.1.tgz"
  integrity sha512-xceH2snhtb5M9liqDsmEw56le376mTZkEX/jEb/RxNFyegNul7eNslCXP9FDj/Lcu0X8KEyMceP2ntpaHrDEVA==

postcss@^8.4.27:
  version "8.5.3"
  resolved "https://registry.npmjs.org/postcss/-/postcss-8.5.3.tgz"
  integrity sha512-dle9A3yYxlBSrt8Fu+IpjGT8SY8hN0mlaA6GY8t0P5PjIOZemULz/E2Bnm/2dcUOena75OTNkHI76uZBNUUq3A==
  dependencies:
    nanoid "^3.3.8"
    picocolors "^1.1.1"
    source-map-js "^1.2.1"

rollup@^3.27.1:
  version "3.29.5"
  resolved "https://registry.npmjs.org/rollup/-/rollup-3.29.5.tgz"
  integrity sha512-GVsDdsbJzzy4S/v3dqWPJ7EfvZJfCHiDqe80IyrF59LYuP+e6U1LJoUqeuqRbwAWoMNoXivMNeNAOf5E22VA1w==
  optionalDependencies:
    fsevents "~2.3.2"

simplex-noise@^4.0.1:
  version "4.0.3"
  resolved "https://registry.npmjs.org/simplex-noise/-/simplex-noise-4.0.3.tgz"
  integrity sha512-qSE2I4AngLQG7BXqoZj51jokT4WUXe8mOBrvfOXpci8+6Yu44+/dD5zqDpOx3Ux792eamTd2lLcI8jqFntk/lg==

socket.io-client@^4.7.2:
  version "4.8.1"
  resolved "https://registry.npmjs.org/socket.io-client/-/socket.io-client-4.8.1.tgz"
  integrity sha512-hJVXfu3E28NmzGk8o1sHhN3om52tRvwYeidbj7xKy2eIIse5IoKX3USlS6Tqt3BHAtflLIkCQBkzVrEEfWUyYQ==
  dependencies:
    "@socket.io/component-emitter" "~3.1.0"
    debug "~4.3.2"
    engine.io-client "~6.6.1"
    socket.io-parser "~4.2.4"

socket.io-parser@~4.2.4:
  version "4.2.4"
  resolved "https://registry.npmjs.org/socket.io-parser/-/socket.io-parser-4.2.4.tgz"
  integrity sha512-/GbIKmo8ioc+NIWIhwdecY0ge+qVBSMdgxGygevmdHj24bsfgtCmcUUcQ5ZzcylGFHsN3k4HB4Cgkl96KVnuew==
  dependencies:
    "@socket.io/component-emitter" "~3.1.0"
    debug "~4.3.1"

source-map-js@^1.2.1:
  version "1.2.1"
  resolved "https://registry.npmjs.org/source-map-js/-/source-map-js-1.2.1.tgz"
  integrity sha512-UXWMKhLOwVKb728IUtQPXxfYU+usdybtUrK/8uGE8CQMvrhOpwvzDBwj0QhSL7MQc7vIsISBG8VQ8+IDQxpfQA==

three@^0.155.0:
  version "0.155.0"
  resolved "https://registry.npmjs.org/three/-/three-0.155.0.tgz"
  integrity sha512-sNgCYmDijnIqkD/bMfk+1pHg3YzsxW7V2ChpuP6HCQ8NiZr3RufsXQr8M3SSUMjW4hG+sUk7YbyuY0DncaDTJQ==

vite@^4.4.5:
  version "4.5.9"
  resolved "https://registry.npmjs.org/vite/-/vite-4.5.9.tgz"
  integrity sha512-qK9W4xjgD3gXbC0NmdNFFnVFLMWSNiR3swj957yutwzzN16xF/E7nmtAyp1rT9hviDroQANjE4HK3H4WqWdFtw==
  dependencies:
    esbuild "^0.18.10"
    postcss "^8.4.27"
    rollup "^3.27.1"
  optionalDependencies:
    fsevents "~2.3.2"

ws@~8.17.1:
  version "8.17.1"
  resolved "https://registry.npmjs.org/ws/-/ws-8.17.1.tgz"
  integrity sha512-6XQFvXTkbfUOZOKKILFG1PDK2NDQs4azKQl26T0YS5CxqWLgXajbPZ+h4gZekJyRqFU8pvnbAbbs/3TgRPy+GQ==

xmlhttprequest-ssl@~2.1.1:
  version "2.1.2"
  resolved "https://registry.npmjs.org/xmlhttprequest-ssl/-/xmlhttprequest-ssl-2.1.2.tgz"
  integrity sha512-TEU+nJVUUnA4CYJFLvK5X9AOeH4KvDvhIfm0vV1GaQRtchnG0hgK5p8hw/xjv8cunWYCsiPCSDzObPyhEwq3KQ==
